
Microsoft Visual Studio Solution File, Format Version 12.00
Project("{2150E333-8FDC-42A3-9474-1A3956D46DE8}") = "src", "src", "{B4E6A5F8-6E9B-467B-B8AF-15E6C596E5B2}"
EndProject
Project("{FAE04EC0-301F-11D3-BF4B-00C04F79EFBC}") = "MappedFileQueues", "src\MappedFileQueues\MappedFileQueues.csproj", "{618C1A25-0575-401E-B80B-67B6DB47A15B}"
EndProject
Project("{2150E333-8FDC-42A3-9474-1A3956D46DE8}") = "samples", "samples", "{B989F32C-D149-494F-B72A-6CE3E90FF461}"
EndProject
Project("{FAE04EC0-301F-11D3-BF4B-00C04F79EFBC}") = "ConsoleApp", "samples\ConsoleApp\ConsoleApp.csproj", "{1CCE37B4-303A-44E6-A9FD-FCA98E2ABF08}"
EndProject
Project("{2150E333-8FDC-42A3-9474-1A3956D46DE8}") = "tests", "tests", "{EC059AF8-D92F-4D38-96A3-24C341532144}"
EndProject
Project("{FAE04EC0-301F-11D3-BF4B-00C04F79EFBC}") = "MappedFileQueues.Tests", "tests\MappedFileQueues.Tests\MappedFileQueues.Tests.csproj", "{47E78AC8-CAD1-4E9A-8350-533A9B943D1B}"
EndProject
Project("{2150E333-8FDC-42A3-9474-1A3956D46DE8}") = "Solution Items", "Solution Items", "{5F343A3C-0D15-4EC2-B872-4551BE27ED5C}"
	ProjectSection(SolutionItems) = preProject
		.editorconfig = .editorconfig
		.gitignore = .gitignore
		LICENSE = LICENSE
		README.md = README.md
		README.zh-CN.md = README.zh-CN.md
	EndProjectSection
EndProject
Global
	GlobalSection(SolutionConfigurationPlatforms) = preSolution
		Debug|Any CPU = Debug|Any CPU
		Release|Any CPU = Release|Any CPU
	EndGlobalSection
	GlobalSection(ProjectConfigurationPlatforms) = postSolution
		{618C1A25-0575-401E-B80B-67B6DB47A15B}.Debug|Any CPU.ActiveCfg = Debug|Any CPU
		{618C1A25-0575-401E-B80B-67B6DB47A15B}.Debug|Any CPU.Build.0 = Debug|Any CPU
		{618C1A25-0575-401E-B80B-67B6DB47A15B}.Release|Any CPU.ActiveCfg = Release|Any CPU
		{618C1A25-0575-401E-B80B-67B6DB47A15B}.Release|Any CPU.Build.0 = Release|Any CPU
		{1CCE37B4-303A-44E6-A9FD-FCA98E2ABF08}.Debug|Any CPU.ActiveCfg = Debug|Any CPU
		{1CCE37B4-303A-44E6-A9FD-FCA98E2ABF08}.Debug|Any CPU.Build.0 = Debug|Any CPU
		{1CCE37B4-303A-44E6-A9FD-FCA98E2ABF08}.Release|Any CPU.ActiveCfg = Release|Any CPU
		{1CCE37B4-303A-44E6-A9FD-FCA98E2ABF08}.Release|Any CPU.Build.0 = Release|Any CPU
		{47E78AC8-CAD1-4E9A-8350-533A9B943D1B}.Debug|Any CPU.ActiveCfg = Debug|Any CPU
		{47E78AC8-CAD1-4E9A-8350-533A9B943D1B}.Debug|Any CPU.Build.0 = Debug|Any CPU
		{47E78AC8-CAD1-4E9A-8350-533A9B943D1B}.Release|Any CPU.ActiveCfg = Release|Any CPU
		{47E78AC8-CAD1-4E9A-8350-533A9B943D1B}.Release|Any CPU.Build.0 = Release|Any CPU
	EndGlobalSection
	GlobalSection(NestedProjects) = preSolution
		{618C1A25-0575-401E-B80B-67B6DB47A15B} = {B4E6A5F8-6E9B-467B-B8AF-15E6C596E5B2}
		{1CCE37B4-303A-44E6-A9FD-FCA98E2ABF08} = {B989F32C-D149-494F-B72A-6CE3E90FF461}
		{47E78AC8-CAD1-4E9A-8350-533A9B943D1B} = {EC059AF8-D92F-4D38-96A3-24C341532144}
	EndGlobalSection
EndGlobal
